# THIS IS AN AUTOGENERATED FILE. DO NOT EDIT THIS FILE DIRECTLY.
# yarn lockfile v1


"@uirouter/core@5.0.3":
  version "5.0.3"
  resolved "https://registry.yarnpkg.com/@uirouter/core/-/core-5.0.3.tgz#e2b5b1e45190e20c67ba4e15c013de5d4e0ccab3"

angular-messages@^1.6.4:
  version "1.6.4"
  resolved "https://registry.yarnpkg.com/angular-messages/-/angular-messages-1.6.4.tgz#9ec9c1393293b14de54161d2f849776489e980fe"

angular-resource@^1.6.4:
  version "1.6.4"
  resolved "https://registry.yarnpkg.com/angular-resource/-/angular-resource-1.6.4.tgz#bcb83688b0a7d3402fde58dc7f4881383a6c0ebb"

angular-ui-router@^1.0.3:
  version "1.0.3"
  resolved "https://registry.yarnpkg.com/angular-ui-router/-/angular-ui-router-1.0.3.tgz#bf2494caae95c37cf01af3761d89747cfed2db45"
  dependencies:
    "@uirouter/core" "5.0.3"

angular@^1.6.4:
  version "1.6.4"
  resolved "https://registry.yarnpkg.com/angular/-/angular-1.6.4.tgz#03b7b15c01a0802d7e2cf593240e604054dc77fb"
